
Microsoft Visual Studio Solution File, Format Version 12.00
# Visual Studio Version 17
VisualStudioVersion = 17.11.35208.52
MinimumVisualStudioVersion = 10.0.40219.1
Project("{9A19103F-16F7-4668-BE54-9A1E7A4F7556}") = "BE_API", "BE_API\BE_API.csproj", "{3D8E363A-B258-43C3-B940-E6F1F3FEE2F3}"
EndProject
Project("{9A19103F-16F7-4668-BE54-9A1E7A4F7556}") = "FE_User", "FE_User\FE_User.csproj", "{E68C9BD0-12EA-4676-B64F-CE3E60ECB9C3}"
EndProject
Project("{9A19103F-16F7-4668-BE54-9A1E7A4F7556}") = "FE_Admin", "FE_Admin\FE_Admin.csproj", "{A393A39C-8544-4FEB-814C-D563B5311688}"
EndProject
Global
	GlobalSection(SolutionConfigurationPlatforms) = preSolution
		Debug|Any CPU = Debug|Any CPU
		Release|Any CPU = Release|Any CPU
	EndGlobalSection
	GlobalSection(ProjectConfigurationPlatforms) = postSolution
		{3D8E363A-B258-43C3-B940-E6F1F3FEE2F3}.Debug|Any CPU.ActiveCfg = Debug|Any CPU
		{3D8E363A-B258-43C3-B940-E6F1F3FEE2F3}.Debug|Any CPU.Build.0 = Debug|Any CPU
		{3D8E363A-B258-43C3-B940-E6F1F3FEE2F3}.Release|Any CPU.ActiveCfg = Release|Any CPU
		{3D8E363A-B258-43C3-B940-E6F1F3FEE2F3}.Release|Any CPU.Build.0 = Release|Any CPU
		{E68C9BD0-12EA-4676-B64F-CE3E60ECB9C3}.Debug|Any CPU.ActiveCfg = Debug|Any CPU
		{E68C9BD0-12EA-4676-B64F-CE3E60ECB9C3}.Debug|Any CPU.Build.0 = Debug|Any CPU
		{E68C9BD0-12EA-4676-B64F-CE3E60ECB9C3}.Release|Any CPU.ActiveCfg = Release|Any CPU
		{E68C9BD0-12EA-4676-B64F-CE3E60ECB9C3}.Release|Any CPU.Build.0 = Release|Any CPU
		{A393A39C-8544-4FEB-814C-D563B5311688}.Debug|Any CPU.ActiveCfg = Debug|Any CPU
		{A393A39C-8544-4FEB-814C-D563B5311688}.Debug|Any CPU.Build.0 = Debug|Any CPU
		{A393A39C-8544-4FEB-814C-D563B5311688}.Release|Any CPU.ActiveCfg = Release|Any CPU
		{A393A39C-8544-4FEB-814C-D563B5311688}.Release|Any CPU.Build.0 = Release|Any CPU
	EndGlobalSection
	GlobalSection(SolutionProperties) = preSolution
		HideSolutionNode = FALSE
	EndGlobalSection
	GlobalSection(ExtensibilityGlobals) = postSolution
		SolutionGuid = {0D5ADF4F-0B05-4DB1-96E5-B8E2E042FB1E}
	EndGlobalSection
EndGlobal
